{
  "version": 4,
  "terraform_version": "1.13.5",
  "serial": 2,
  "lineage": "f59b087a-e0ef-80a1-2510-bbc76fe1bb00",
  "outputs": {},
  "resources": [
    {
      "mode": "managed",
      "type": "auth0_client",
      "name": "my_client",
      "provider": "provider[\"registry.terraform.io/auth0/auth0\"]",
      "instances": [
        {
          "schema_version": 0,
          "attributes": {
            "addons": [],
            "allowed_clients": [],
            "allowed_logout_urls": [],
            "allowed_origins": [],
            "app_type": "non_interactive",
            "async_approval_notification_channels": [
              "guardian-push"
            ],
            "callbacks": [],
            "client_aliases": [],
            "client_id": "ekSNPs5I0eD5izXF9iYQvEi9tYd7638G",
            "client_metadata": {},
            "compliance_level": "",
            "cross_origin_auth": false,
            "cross_origin_loc": "",
            "custom_login_page": "",
            "custom_login_page_on": true,
            "default_organization": [
              {
                "disable": true,
                "flows": [],
                "organization_id": ""
              }
            ],
            "description": "Test Applications Long Description",
            "encryption_key": null,
            "form_template": "",
            "grant_types": [
              "authorization_code",
              "implicit",
              "refresh_token",
              "client_credentials"
            ],
            "id": "ekSNPs5I0eD5izXF9iYQvEi9tYd7638G",
            "initiate_login_uri": "",
            "is_first_party": true,
            "is_token_endpoint_ip_header_trusted": false,
            "jwt_configuration": [
              {
                "alg": "",
                "lifetime_in_seconds": 36000,
                "scopes": {},
                "secret_encoded": false
              }
            ],
            "logo_uri": "",
            "mobile": [],
            "name": "Application - Acceptance Test",
            "native_social_login": [],
            "oidc_backchannel_logout_urls": [],
            "oidc_conformant": false,
            "oidc_logout": [
              {
                "backchannel_logout_initiators": [
                  {
                    "mode": "custom",
                    "selected_initiators": [
                      "idp-logout",
                      "rp-logout"
                    ]
                  }
                ],
                "backchannel_logout_urls": []
              }
            ],
            "organization_discovery_methods": [],
            "organization_require_behavior": "",
            "organization_usage": "",
            "refresh_token": [
              {
                "expiration_type": "non-expiring",
                "idle_token_lifetime": 2592000,
                "infinite_idle_token_lifetime": true,
                "infinite_token_lifetime": true,
                "leeway": 0,
                "policies": [],
                "rotation_type": "non-rotating",
                "token_lifetime": 31557600
              }
            ],
            "require_proof_of_possession": false,
            "require_pushed_authorization_requests": false,
            "resource_server_identifier": "",
            "session_transfer": [],
            "signing_keys": [],
            "skip_non_verifiable_callback_uri_confirmation_prompt": "null",
            "sso": false,
            "sso_disabled": false,
            "token_exchange": [],
            "token_quota": [],
            "web_origins": []
          },
          "sensitive_attributes": [
            [
              {
                "type": "get_attr",
                "value": "signing_keys"
              }
            ]
          ],
          "identity_schema_version": 0,
          "private": "bnVsbA=="
        }
      ]
    }
  ],
  "check_results": null
}
